{
  "lockfile_version": "1",
  "packages": {
    "glibcLocales@latest": {
      "last_modified": "2024-09-10T15:01:03Z",
      "resolved": "github:NixOS/nixpkgs/5ed627539ac84809c78b2dd6d26a5cebeb5ae269#glibcLocales",
      "source": "devbox-search",
      "version": "2.39-52",
      "systems": {
        "aarch64-linux": {
          "outputs": [
            {
              "name": "out",
              "path": "/nix/store/5ayl9b7pj8s4424sjmvzpak3r3kilf2x-glibc-locales-2.39-52",
              "default": true
            }
          ],
          "store_path": "/nix/store/5ayl9b7pj8s4424sjmvzpak3r3kilf2x-glibc-locales-2.39-52"
        },
        "x86_64-linux": {
          "outputs": [
            {
              "name": "out",
              "path": "/nix/store/rhjqirbv6p5r6qaiill2k30bqdx84c62-glibc-locales-2.39-52",
              "default": true
            }
          ],
          "store_path": "/nix/store/rhjqirbv6p5r6qaiill2k30bqdx84c62-glibc-locales-2.39-52"
        }
      }
    },
    "postgresql@16.4": {
      "last_modified": "2024-09-20T22:35:44Z",
      "plugin_version": "0.0.2",
      "resolved": "github:NixOS/nixpkgs/a1d92660c6b3b7c26fb883500a80ea9d33321be2#postgresql",
      "source": "devbox-search",
      "version": "16.4",
      "systems": {
        "aarch64-darwin": {
          "outputs": [
            {
              "name": "out",
              "path": "/nix/store/fln3gcl40fwynfjr5fkpyqjhll4jqyhm-postgresql-16.4",
              "default": true
            },
            {
              "name": "man",
              "path": "/nix/store/npkdasdws60qy0j0kznqwnbizcjx5m0q-postgresql-16.4-man",
              "default": true
            },
            {
              "name": "dev",
              "path": "/nix/store/63r8cs0kjscq50r93k97aijddx2mjwm9-postgresql-16.4-dev"
            },
            {
              "name": "doc",
              "path": "/nix/store/akn2wpw56q2cwwpa3kdd4isklaqk375s-postgresql-16.4-doc"
            },
            {
              "name": "lib",
              "path": "/nix/store/5i4svw3nbn239hhzrl857bkbqb5h1aq1-postgresql-16.4-lib"
            }
          ],
          "store_path": "/nix/store/fln3gcl40fwynfjr5fkpyqjhll4jqyhm-postgresql-16.4"
        },
        "aarch64-linux": {
          "outputs": [
            {
              "name": "out",
              "path": "/nix/store/7bm8jppsyml2lkzzbw5kg6ahmvwlnxsb-postgresql-16.4",
              "default": true
            },
            {
              "name": "man",
              "path": "/nix/store/4i96xjnrsxgcpizmr6v7gmc25zminnl2-postgresql-16.4-man",
              "default": true
            },
            {
              "name": "doc",
              "path": "/nix/store/bh5km6cln45kf1pfwahdslpc9cydrm4v-postgresql-16.4-doc"
            },
            {
              "name": "lib",
              "path": "/nix/store/3crpddg2akfnpg19plbbfyxny13ygdaf-postgresql-16.4-lib"
            },
            {
              "name": "debug",
              "path": "/nix/store/w6hs71a695sf2n00km946bb1v36xc2qg-postgresql-16.4-debug"
            },
            {
              "name": "dev",
              "path": "/nix/store/ycbf1qw3x8wc3a7z6mjwkzmyhc43s2wn-postgresql-16.4-dev"
            }
          ],
          "store_path": "/nix/store/7bm8jppsyml2lkzzbw5kg6ahmvwlnxsb-postgresql-16.4"
        },
        "x86_64-darwin": {
          "outputs": [
            {
              "name": "out",
              "path": "/nix/store/ywikp0nf87afr4qs2dvjxiknwzyf6n5b-postgresql-16.4",
              "default": true
            },
            {
              "name": "man",
              "path": "/nix/store/n66gp6v6zd5fxwh2j72jjx5d427fpibp-postgresql-16.4-man",
              "default": true
            },
            {
              "name": "dev",
              "path": "/nix/store/sb23d37zmmymsn268d9lcpgd0j939117-postgresql-16.4-dev"
            },
            {
              "name": "doc",
              "path": "/nix/store/ayarhx2gw8y5j648r4jfsl8l54s5nb8i-postgresql-16.4-doc"
            },
            {
              "name": "lib",
              "path": "/nix/store/k5n25gjgfbxwyjhzf2il0b93q18gdsr7-postgresql-16.4-lib"
            }
          ],
          "store_path": "/nix/store/ywikp0nf87afr4qs2dvjxiknwzyf6n5b-postgresql-16.4"
        },
        "x86_64-linux": {
          "outputs": [
            {
              "name": "out",
              "path": "/nix/store/1gax5xs6h1b70gk7z274kx4qh04hsn96-postgresql-16.4",
              "default": true
            },
            {
              "name": "man",
              "path": "/nix/store/43pzfj4xv6r022jmnmx2n648ycqy8rhx-postgresql-16.4-man",
              "default": true
            },
            {
              "name": "debug",
              "path": "/nix/store/isrqqmd5ckwwsgk708q981h3h7ijixkv-postgresql-16.4-debug"
            },
            {
              "name": "dev",
              "path": "/nix/store/45if5nl708nhayxnaqh7h2scz9pn4mn8-postgresql-16.4-dev"
            },
            {
              "name": "doc",
              "path": "/nix/store/plf9diy9a5l5fmfl8pvlgmpxkc3ixhb3-postgresql-16.4-doc"
            },
            {
              "name": "lib",
              "path": "/nix/store/l54jqbzqhghvy3g9kqhmcha9z3vzzrxr-postgresql-16.4-lib"
            }
          ],
          "store_path": "/nix/store/1gax5xs6h1b70gk7z274kx4qh04hsn96-postgresql-16.4"
        }
      }
    },
    "python@3.12.5": {
      "last_modified": "2024-09-10T15:01:03Z",
      "plugin_version": "0.0.3",
      "resolved": "github:NixOS/nixpkgs/5ed627539ac84809c78b2dd6d26a5cebeb5ae269#python3",
      "source": "devbox-search",
      "version": "3.12.5",
      "systems": {
        "aarch64-darwin": {
          "outputs": [
            {
              "name": "out",
              "path": "/nix/store/9pj4rzx5pbynkkxq1srzwjhywmcfxws3-python3-3.12.5",
              "default": true
            }
          ],
          "store_path": "/nix/store/9pj4rzx5pbynkkxq1srzwjhywmcfxws3-python3-3.12.5"
        },
        "aarch64-linux": {
          "outputs": [
            {
              "name": "out",
              "path": "/nix/store/6iq3nhgdyp8a5wzwf097zf2mn4zyqxr6-python3-3.12.5",
              "default": true
            },
            {
              "name": "debug",
              "path": "/nix/store/xc4hygp28y7g1rvjf0vi7fj0d83a75pj-python3-3.12.5-debug"
            }
          ],
          "store_path": "/nix/store/6iq3nhgdyp8a5wzwf097zf2mn4zyqxr6-python3-3.12.5"
        },
        "x86_64-darwin": {
          "outputs": [
            {
              "name": "out",
              "path": "/nix/store/ks8acr22s4iggnmvxydm5czl30racy32-python3-3.12.5",
              "default": true
            }
          ],
          "store_path": "/nix/store/ks8acr22s4iggnmvxydm5czl30racy32-python3-3.12.5"
        },
        "x86_64-linux": {
          "outputs": [
            {
              "name": "out",
              "path": "/nix/store/h3i0acpmr8mrjx07519xxmidv8mpax4y-python3-3.12.5",
              "default": true
            },
            {
              "name": "debug",
              "path": "/nix/store/0a39pi2s6kxqc3kjjz2y9yzibd62zhhb-python3-3.12.5-debug"
            }
          ],
          "store_path": "/nix/store/h3i0acpmr8mrjx07519xxmidv8mpax4y-python3-3.12.5"
        }
      }
    }
  }
}
